// !$*UTF8*$!
{
	archiveVersion = 1;
	classes = {
	};
	objectVersion = 77;
	objects = {

/* Begin PBXContainerItemProxy section */
		2E2F48A42CDD3580006D7DFE /* PBXContainerItemProxy */ = {
			isa = PBXContainerItemProxy;
			containerPortal = 2E2F48892CDD357F006D7DFE /* Project object */;
			proxyType = 1;
			remoteGlobalIDString = 2E2F48902CDD357F006D7DFE;
			remoteInfo = FishId9000;
		};
		2E2F48AE2CDD3580006D7DFE /* PBXContainerItemProxy */ = {
			isa = PBXContainerItemProxy;
			containerPortal = 2E2F48892CDD357F006D7DFE /* Project object */;
			proxyType = 1;
			remoteGlobalIDString = 2E2F48902CDD357F006D7DFE;
			remoteInfo = FishId9000;
		};
/* End PBXContainerItemProxy section */

/* Begin PBXFileReference section */
		2E2F48912CDD357F006D7DFE /* FishId9000.app */ = {isa = PBXFileReference; explicitFileType = wrapper.application; includeInIndex = 0; path = FishId9000.app; sourceTree = BUILT_PRODUCTS_DIR; };
		2E2F48A32CDD3580006D7DFE /* FishId9000Tests.xctest */ = {isa = PBXFileReference; explicitFileType = wrapper.cfbundle; includeInIndex = 0; path = FishId9000Tests.xctest; sourceTree = BUILT_PRODUCTS_DIR; };
		2E2F48AD2CDD3580006D7DFE /* FishId9000UITests.xctest */ = {isa = PBXFileReference; explicitFileType = wrapper.cfbundle; includeInIndex = 0; path = FishId9000UITests.xctest; sourceTree = BUILT_PRODUCTS_DIR; };
/* End PBXFileReference section */

/* Begin PBXFileSystemSynchronizedRootGroup section */
		2E2F48932CDD357F006D7DFE /* FishId9000 */ = {
			isa = PBXFileSystemSynchronizedRootGroup;
			path = FishId9000;
			sourceTree = "<group>";
		};
		2E2F48A62CDD3580006D7DFE /* FishId9000Tests */ = {
			isa = PBXFileSystemSynchronizedRootGroup;
			path = FishId9000Tests;
			sourceTree = "<group>";
		};
		2E2F48B02CDD3580006D7DFE /* FishId9000UITests */ = {
			isa = PBXFileSystemSynchronizedRootGroup;
			path = FishId9000UITests;
			sourceTree = "<group>";
		};
/* End PBXFileSystemSynchronizedRootGroup section */

/* Begin PBXFrameworksBuildPhase section */
		2E2F488E2CDD357F006D7DFE /* Frameworks */ = {
			isa = PBXFrameworksBuildPhase;
			buildActionMask = 2147483647;
			files = (
			);
			runOnlyForDeploymentPostprocessing = 0;
		};
		2E2F48A02CDD3580006D7DFE /* Frameworks */ = {
			isa = PBXFrameworksBuildPhase;
			buildActionMask = 2147483647;
			files = (
			);
			runOnlyForDeploymentPostprocessing = 0;
		};
		2E2F48AA2CDD3580006D7DFE /* Frameworks */ = {
			isa = PBXFrameworksBuildPhase;
			buildActionMask = 2147483647;
			files = (
			);
			runOnlyForDeploymentPostprocessing = 0;
		};
/* End PBXFrameworksBuildPhase section */

/* Begin PBXGroup section */
		2E2F48882CDD357F006D7DFE = {
			isa = PBXGroup;
			children = (
				2E2F48932CDD357F006D7DFE /* FishId9000 */,
				2E2F48A62CDD3580006D7DFE /* FishId9000Tests */,
				2E2F48B02CDD3580006D7DFE /* FishId9000UITests */,
				2E2F48922CDD357F006D7DFE /* Products */,
			);
			sourceTree = "<group>";
		};
		2E2F48922CDD357F006D7DFE /* Products */ = {
			isa = PBXGroup;
			children = (
				2E2F48912CDD357F006D7DFE /* FishId9000.app */,
				2E2F48A32CDD3580006D7DFE /* FishId9000Tests.xctest */,
				2E2F48AD2CDD3580006D7DFE /* FishId9000UITests.xctest */,
			);
			name = Products;
			sourceTree = "<group>";
		};
/* End PBXGroup section */

/* Begin PBXNativeTarget section */
		2E2F48902CDD357F006D7DFE /* FishId9000 */ = {
			isa = PBXNativeTarget;
			buildConfigurationList = 2E2F48B72CDD3580006D7DFE /* Build configuration list for PBXNativeTarget "FishId9000" */;
			buildPhases = (
				2E2F488D2CDD357F006D7DFE /* Sources */,
				2E2F488E2CDD357F006D7DFE /* Frameworks */,
				2E2F488F2CDD357F006D7DFE /* Resources */,
			);
			buildRules = (
			);
			dependencies = (
			);
			fileSystemSynchronizedGroups = (
				2E2F48932CDD357F006D7DFE /* FishId9000 */,
			);
			name = FishId9000;
			packageProductDependencies = (
			);
			productName = FishId9000;
			productReference = 2E2F48912CDD357F006D7DFE /* FishId9000.app */;
			productType = "com.apple.product-type.application";
		};
		2E2F48A22CDD3580006D7DFE /* FishId9000Tests */ = {
			isa = PBXNativeTarget;
			buildConfigurationList = 2E2F48BA2CDD3580006D7DFE /* Build configuration list for PBXNativeTarget "FishId9000Tests" */;
			buildPhases = (
				2E2F489F2CDD3580006D7DFE /* Sources */,
				2E2F48A02CDD3580006D7DFE /* Frameworks */,
				2E2F48A12CDD3580006D7DFE /* Resources */,
			);
			buildRules = (
			);
			dependencies = (
				2E2F48A52CDD3580006D7DFE /* PBXTargetDependency */,
			);
			fileSystemSynchronizedGroups = (
				2E2F48A62CDD3580006D7DFE /* FishId9000Tests */,
			);
			name = FishId9000Tests;
			packageProductDependencies = (
			);
			productName = FishId9000Tests;
			productReference = 2E2F48A32CDD3580006D7DFE /* FishId9000Tests.xctest */;
			productType = "com.apple.product-type.bundle.unit-test";
		};
		2E2F48AC2CDD3580006D7DFE /* FishId9000UITests */ = {
			isa = PBXNativeTarget;
			buildConfigurationList = 2E2F48BD2CDD3580006D7DFE /* Build configuration list for PBXNativeTarget "FishId9000UITests" */;
			buildPhases = (
				2E2F48A92CDD3580006D7DFE /* Sources */,
				2E2F48AA2CDD3580006D7DFE /* Frameworks */,
				2E2F48AB2CDD3580006D7DFE /* Resources */,
			);
			buildRules = (
			);
			dependencies = (
				2E2F48AF2CDD3580006D7DFE /* PBXTargetDependency */,
			);
			fileSystemSynchronizedGroups = (
				2E2F48B02CDD3580006D7DFE /* FishId9000UITests */,
			);
			name = FishId9000UITests;
			packageProductDependencies = (
			);
			productName = FishId9000UITests;
			productReference = 2E2F48AD2CDD3580006D7DFE /* FishId9000UITests.xctest */;
			productType = "com.apple.product-type.bundle.ui-testing";
		};
/* End PBXNativeTarget section */

/* Begin PBXProject section */
		2E2F48892CDD357F006D7DFE /* Project object */ = {
			isa = PBXProject;
			attributes = {
				BuildIndependentTargetsInParallel = 1;
				LastSwiftUpdateCheck = 1610;
				LastUpgradeCheck = 1610;
				TargetAttributes = {
					2E2F48902CDD357F006D7DFE = {
						CreatedOnToolsVersion = 16.1;
					};
					2E2F48A22CDD3580006D7DFE = {
						CreatedOnToolsVersion = 16.1;
						TestTargetID = 2E2F48902CDD357F006D7DFE;
					};
					2E2F48AC2CDD3580006D7DFE = {
						CreatedOnToolsVersion = 16.1;
						TestTargetID = 2E2F48902CDD357F006D7DFE;
					};
				};
			};
			buildConfigurationList = 2E2F488C2CDD357F006D7DFE /* Build configuration list for PBXProject "FishId9000" */;
			developmentRegion = en;
			hasScannedForEncodings = 0;
			knownRegions = (
				en,
				Base,
			);
			mainGroup = 2E2F48882CDD357F006D7DFE;
			minimizedProjectReferenceProxies = 1;
			preferredProjectObjectVersion = 77;
			productRefGroup = 2E2F48922CDD357F006D7DFE /* Products */;
			projectDirPath = "";
			projectRoot = "";
			targets = (
				2E2F48902CDD357F006D7DFE /* FishId9000 */,
				2E2F48A22CDD3580006D7DFE /* FishId9000Tests */,
				2E2F48AC2CDD3580006D7DFE /* FishId9000UITests */,
			);
		};
/* End PBXProject section */

/* Begin PBXResourcesBuildPhase section */
		2E2F488F2CDD357F006D7DFE /* Resources */ = {
			isa = PBXResourcesBuildPhase;
			buildActionMask = 2147483647;
			files = (
			);
			runOnlyForDeploymentPostprocessing = 0;
		};
		2E2F48A12CDD3580006D7DFE /* Resources */ = {
			isa = PBXResourcesBuildPhase;
			buildActionMask = 2147483647;
			files = (
			);
			runOnlyForDeploymentPostprocessing = 0;
		};
		2E2F48AB2CDD3580006D7DFE /* Resources */ = {
			isa = PBXResourcesBuildPhase;
			buildActionMask = 2147483647;
			files = (
			);
			runOnlyForDeploymentPostprocessing = 0;
		};
/* End PBXResourcesBuildPhase section */

/* Begin PBXSourcesBuildPhase section */
		2E2F488D2CDD357F006D7DFE /* Sources */ = {
			isa = PBXSourcesBuildPhase;
			buildActionMask = 2147483647;
			files = (
			);
			runOnlyForDeploymentPostprocessing = 0;
		};
		2E2F489F2CDD3580006D7DFE /* Sources */ = {
			isa = PBXSourcesBuildPhase;
			buildActionMask = 2147483647;
			files = (
			);
			runOnlyForDeploymentPostprocessing = 0;
		};
		2E2F48A92CDD3580006D7DFE /* Sources */ = {
			isa = PBXSourcesBuildPhase;
			buildActionMask = 2147483647;
			files = (
			);
			runOnlyForDeploymentPostprocessing = 0;
		};
/* End PBXSourcesBuildPhase section */

/* Begin PBXTargetDependency section */
		2E2F48A52CDD3580006D7DFE /* PBXTargetDependency */ = {
			isa = PBXTargetDependency;
			target = 2E2F48902CDD357F006D7DFE /* FishId9000 */;
			targetProxy = 2E2F48A42CDD3580006D7DFE /* PBXContainerItemProxy */;
		};
		2E2F48AF2CDD3580006D7DFE /* PBXTargetDependency */ = {
			isa = PBXTargetDependency;
			target = 2E2F48902CDD357F006D7DFE /* FishId9000 */;
			targetProxy = 2E2F48AE2CDD3580006D7DFE /* PBXContainerItemProxy */;
		};
/* End PBXTargetDependency section */

/* Begin XCBuildConfiguration section */
		2E2F48B52CDD3580006D7DFE /* Debug */ = {
			isa = XCBuildConfiguration;
			buildSettings = {
				ALWAYS_SEARCH_USER_PATHS = NO;
				ASSETCATALOG_COMPILER_GENERATE_SWIFT_ASSET_SYMBOL_EXTENSIONS = YES;
				CLANG_ANALYZER_NONNULL = YES;
				CLANG_ANALYZER_NUMBER_OBJECT_CONVERSION = YES_AGGRESSIVE;
				CLANG_CXX_LANGUAGE_STANDARD = "gnu++20";
				CLANG_ENABLE_MODULES = YES;
				CLANG_ENABLE_OBJC_ARC = YES;
				CLANG_ENABLE_OBJC_WEAK = YES;
				CLANG_WARN_BLOCK_CAPTURE_AUTORELEASING = YES;
				CLANG_WARN_BOOL_CONVERSION = YES;
				CLANG_WARN_COMMA = YES;
				CLANG_WARN_CONSTANT_CONVERSION = YES;
				CLANG_WARN_DEPRECATED_OBJC_IMPLEMENTATIONS = YES;
				CLANG_WARN_DIRECT_OBJC_ISA_USAGE = YES_ERROR;
				CLANG_WARN_DOCUMENTATION_COMMENTS = YES;
				CLANG_WARN_EMPTY_BODY = YES;
				CLANG_WARN_ENUM_CONVERSION = YES;
				CLANG_WARN_INFINITE_RECURSION = YES;
				CLANG_WARN_INT_CONVERSION = YES;
				CLANG_WARN_NON_LITERAL_NULL_CONVERSION = YES;
				CLANG_WARN_OBJC_IMPLICIT_RETAIN_SELF = YES;
				CLANG_WARN_OBJC_LITERAL_CONVERSION = YES;
				CLANG_WARN_OBJC_ROOT_CLASS = YES_ERROR;
				CLANG_WARN_QUOTED_INCLUDE_IN_FRAMEWORK_HEADER = YES;
				CLANG_WARN_RANGE_LOOP_ANALYSIS = YES;
				CLANG_WARN_STRICT_PROTOTYPES = YES;
				CLANG_WARN_SUSPICIOUS_MOVE = YES;
				CLANG_WARN_UNGUARDED_AVAILABILITY = YES_AGGRESSIVE;
				CLANG_WARN_UNREACHABLE_CODE = YES;
				CLANG_WARN__DUPLICATE_METHOD_MATCH = YES;
				COPY_PHASE_STRIP = NO;
				DEBUG_INFORMATION_FORMAT = dwarf;
				ENABLE_STRICT_OBJC_MSGSEND = YES;
				ENABLE_TESTABILITY = YES;
				ENABLE_USER_SCRIPT_SANDBOXING = YES;
				GCC_C_LANGUAGE_STANDARD = gnu17;
				GCC_DYNAMIC_NO_PIC = NO;
				GCC_NO_COMMON_BLOCKS = YES;
				GCC_OPTIMIZATION_LEVEL = 0;
				GCC_PREPROCESSOR_DEFINITIONS = (
					"DEBUG=1",
					"$(inherited)",
				);
				GCC_WARN_64_TO_32_BIT_CONVERSION = YES;
				GCC_WARN_ABOUT_RETURN_TYPE = YES_ERROR;
				GCC_WARN_UNDECLARED_SELECTOR = YES;
				GCC_WARN_UNINITIALIZED_AUTOS = YES_AGGRESSIVE;
				GCC_WARN_UNUSED_FUNCTION = YES;
				GCC_WARN_UNUSED_VARIABLE = YES;
				IPHONEOS_DEPLOYMENT_TARGET = 18.1;
				LOCALIZATION_PREFERS_STRING_CATALOGS = YES;
				MTL_ENABLE_DEBUG_INFO = INCLUDE_SOURCE;
				MTL_FAST_MATH = YES;
				ONLY_ACTIVE_ARCH = YES;
				SDKROOT = iphoneos;
				SWIFT_ACTIVE_COMPILATION_CONDITIONS = "DEBUG $(inherited)";
				SWIFT_OPTIMIZATION_LEVEL = "-Onone";
			};
			name = Debug;
		};
		2E2F48B62CDD3580006D7DFE /* Release */ = {
			isa = XCBuildConfiguration;
			buildSettings = {
				ALWAYS_SEARCH_USER_PATHS = NO;
				ASSETCATALOG_COMPILER_GENERATE_SWIFT_ASSET_SYMBOL_EXTENSIONS = YES;
				CLANG_ANALYZER_NONNULL = YES;
				CLANG_ANALYZER_NUMBER_OBJECT_CONVERSION = YES_AGGRESSIVE;
				CLANG_CXX_LANGUAGE_STANDARD = "gnu++20";
				CLANG_ENABLE_MODULES = YES;
				CLANG_ENABLE_OBJC_ARC = YES;
				CLANG_ENABLE_OBJC_WEAK = YES;
				CLANG_WARN_BLOCK_CAPTURE_AUTORELEASING = YES;
				CLANG_WARN_BOOL_CONVERSION = YES;
				CLANG_WARN_COMMA = YES;
				CLANG_WARN_CONSTANT_CONVERSION = YES;
				CLANG_WARN_DEPRECATED_OBJC_IMPLEMENTATIONS = YES;
				CLANG_WARN_DIRECT_OBJC_ISA_USAGE = YES_ERROR;
				CLANG_WARN_DOCUMENTATION_COMMENTS = YES;
				CLANG_WARN_EMPTY_BODY = YES;
				CLANG_WARN_ENUM_CONVERSION = YES;
				CLANG_WARN_INFINITE_RECURSION = YES;
				CLANG_WARN_INT_CONVERSION = YES;
				CLANG_WARN_NON_LITERAL_NULL_CONVERSION = YES;
				CLANG_WARN_OBJC_IMPLICIT_RETAIN_SELF = YES;
				CLANG_WARN_OBJC_LITERAL_CONVERSION = YES;
				CLANG_WARN_OBJC_ROOT_CLASS = YES_ERROR;
				CLANG_WARN_QUOTED_INCLUDE_IN_FRAMEWORK_HEADER = YES;
				CLANG_WARN_RANGE_LOOP_ANALYSIS = YES;
				CLANG_WARN_STRICT_PROTOTYPES = YES;
				CLANG_WARN_SUSPICIOUS_MOVE = YES;
				CLANG_WARN_UNGUARDED_AVAILABILITY = YES_AGGRESSIVE;
				CLANG_WARN_UNREACHABLE_CODE = YES;
				CLANG_WARN__DUPLICATE_METHOD_MATCH = YES;
				COPY_PHASE_STRIP = NO;
				DEBUG_INFORMATION_FORMAT = "dwarf-with-dsym";
				ENABLE_NS_ASSERTIONS = NO;
				ENABLE_STRICT_OBJC_MSGSEND = YES;
				ENABLE_USER_SCRIPT_SANDBOXING = YES;
				GCC_C_LANGUAGE_STANDARD = gnu17;
				GCC_NO_COMMON_BLOCKS = YES;
				GCC_WARN_64_TO_32_BIT_CONVERSION = YES;
				GCC_WARN_ABOUT_RETURN_TYPE = YES_ERROR;
				GCC_WARN_UNDECLARED_SELECTOR = YES;
				GCC_WARN_UNINITIALIZED_AUTOS = YES_AGGRESSIVE;
				GCC_WARN_UNUSED_FUNCTION = YES;
				GCC_WARN_UNUSED_VARIABLE = YES;
				IPHONEOS_DEPLOYMENT_TARGET = 18.1;
				LOCALIZATION_PREFERS_STRING_CATALOGS = YES;
				MTL_ENABLE_DEBUG_INFO = NO;
				MTL_FAST_MATH = YES;
				SDKROOT = iphoneos;
				SWIFT_COMPILATION_MODE = wholemodule;
				VALIDATE_PRODUCT = YES;
			};
			name = Release;
		};
		2E2F48B82CDD3580006D7DFE /* Debug */ = {
			isa = XCBuildConfiguration;
			buildSettings = {
				ASSETCATALOG_COMPILER_APPICON_NAME = AppIcon;
				ASSETCATALOG_COMPILER_GLOBAL_ACCENT_COLOR_NAME = AccentColor;
				CODE_SIGN_STYLE = Automatic;
				CURRENT_PROJECT_VERSION = 1;
				DEVELOPMENT_ASSET_PATHS = "\"FishId9000/Preview Content\"";
				ENABLE_PREVIEWS = YES;
				GENERATE_INFOPLIST_FILE = YES;
				INFOPLIST_KEY_UIApplicationSceneManifest_Generation = YES;
				INFOPLIST_KEY_UIApplicationSupportsIndirectInputEvents = YES;
				INFOPLIST_KEY_UILaunchScreen_Generation = YES;
				INFOPLIST_KEY_UISupportedInterfaceOrientations_iPad = "UIInterfaceOrientationPortrait UIInterfaceOrientationPortraitUpsideDown UIInterfaceOrientationLandscapeLeft UIInterfaceOrientationLandscapeRight";
				INFOPLIST_KEY_UISupportedInterfaceOrientations_iPhone = "UIInterfaceOrientationPortrait UIInterfaceOrientationLandscapeLeft UIInterfaceOrientationLandscapeRight";
				LD_RUNPATH_SEARCH_PATHS = (
					"$(inherited)",
					"@executable_path/Frameworks",
				);
				MARKETING_VERSION = 1.0;
				PRODUCT_BUNDLE_IDENTIFIER = com.blueparrotfish.FishId9000;
				PRODUCT_NAME = "$(TARGET_NAME)";
				SWIFT_EMIT_LOC_STRINGS = YES;
				SWIFT_VERSION = 5.0;
				TARGETED_DEVICE_FAMILY = "1,2";
			};
			name = Debug;
		};
		2E2F48B92CDD3580006D7DFE /* Release */ = {
			isa = XCBuildConfiguration;
			buildSettings = {
				ASSETCATALOG_COMPILER_APPICON_NAME = AppIcon;
				ASSETCATALOG_COMPILER_GLOBAL_ACCENT_COLOR_NAME = AccentColor;
				CODE_SIGN_STYLE = Automatic;
				CURRENT_PROJECT_VERSION = 1;
				DEVELOPMENT_ASSET_PATHS = "\"FishId9000/Preview Content\"";
				ENABLE_PREVIEWS = YES;
				GENERATE_INFOPLIST_FILE = YES;
				INFOPLIST_KEY_UIApplicationSceneManifest_Generation = YES;
				INFOPLIST_KEY_UIApplicationSupportsIndirectInputEvents = YES;
				INFOPLIST_KEY_UILaunchScreen_Generation = YES;
				INFOPLIST_KEY_UISupportedInterfaceOrientations_iPad = "UIInterfaceOrientationPortrait UIInterfaceOrientationPortraitUpsideDown UIInterfaceOrientationLandscapeLeft UIInterfaceOrientationLandscapeRight";
				INFOPLIST_KEY_UISupportedInterfaceOrientations_iPhone = "UIInterfaceOrientationPortrait UIInterfaceOrientationLandscapeLeft UIInterfaceOrientationLandscapeRight";
				LD_RUNPATH_SEARCH_PATHS = (
					"$(inherited)",
					"@executable_path/Frameworks",
				);
				MARKETING_VERSION = 1.0;
				PRODUCT_BUNDLE_IDENTIFIER = com.blueparrotfish.FishId9000;
				PRODUCT_NAME = "$(TARGET_NAME)";
				SWIFT_EMIT_LOC_STRINGS = YES;
				SWIFT_VERSION = 5.0;
				TARGETED_DEVICE_FAMILY = "1,2";
			};
			name = Release;
		};
		2E2F48BB2CDD3580006D7DFE /* Debug */ = {
			isa = XCBuildConfiguration;
			buildSettings = {
				BUNDLE_LOADER = "$(TEST_HOST)";
				CODE_SIGN_STYLE = Automatic;
				CURRENT_PROJECT_VERSION = 1;
				GENERATE_INFOPLIST_FILE = YES;
				IPHONEOS_DEPLOYMENT_TARGET = 18.1;
				MARKETING_VERSION = 1.0;
				PRODUCT_BUNDLE_IDENTIFIER = com.blueparrotfish.FishId9000Tests;
				PRODUCT_NAME = "$(TARGET_NAME)";
				SWIFT_EMIT_LOC_STRINGS = NO;
				SWIFT_VERSION = 5.0;
				TARGETED_DEVICE_FAMILY = "1,2";
				TEST_HOST = "$(BUILT_PRODUCTS_DIR)/FishId9000.app/$(BUNDLE_EXECUTABLE_FOLDER_PATH)/FishId9000";
			};
			name = Debug;
		};
		2E2F48BC2CDD3580006D7DFE /* Release */ = {
			isa = XCBuildConfiguration;
			buildSettings = {
				BUNDLE_LOADER = "$(TEST_HOST)";
				CODE_SIGN_STYLE = Automatic;
				CURRENT_PROJECT_VERSION = 1;
				GENERATE_INFOPLIST_FILE = YES;
				IPHONEOS_DEPLOYMENT_TARGET = 18.1;
				MARKETING_VERSION = 1.0;
				PRODUCT_BUNDLE_IDENTIFIER = com.blueparrotfish.FishId9000Tests;
				PRODUCT_NAME = "$(TARGET_NAME)";
				SWIFT_EMIT_LOC_STRINGS = NO;
				SWIFT_VERSION = 5.0;
				TARGETED_DEVICE_FAMILY = "1,2";
				TEST_HOST = "$(BUILT_PRODUCTS_DIR)/FishId9000.app/$(BUNDLE_EXECUTABLE_FOLDER_PATH)/FishId9000";
			};
			name = Release;
		};
		2E2F48BE2CDD3580006D7DFE /* Debug */ = {
			isa = XCBuildConfiguration;
			buildSettings = {
				CODE_SIGN_STYLE = Automatic;
				CURRENT_PROJECT_VERSION = 1;
				GENERATE_INFOPLIST_FILE = YES;
				MARKETING_VERSION = 1.0;
				PRODUCT_BUNDLE_IDENTIFIER = com.blueparrotfish.FishId9000UITests;
				PRODUCT_NAME = "$(TARGET_NAME)";
				SWIFT_EMIT_LOC_STRINGS = NO;
				SWIFT_VERSION = 5.0;
				TARGETED_DEVICE_FAMILY = "1,2";
				TEST_TARGET_NAME = FishId9000;
			};
			name = Debug;
		};
		2E2F48BF2CDD3580006D7DFE /* Release */ = {
			isa = XCBuildConfiguration;
			buildSettings = {
				CODE_SIGN_STYLE = Automatic;
				CURRENT_PROJECT_VERSION = 1;
				GENERATE_INFOPLIST_FILE = YES;
				MARKETING_VERSION = 1.0;
				PRODUCT_BUNDLE_IDENTIFIER = com.blueparrotfish.FishId9000UITests;
				PRODUCT_NAME = "$(TARGET_NAME)";
				SWIFT_EMIT_LOC_STRINGS = NO;
				SWIFT_VERSION = 5.0;
				TARGETED_DEVICE_FAMILY = "1,2";
				TEST_TARGET_NAME = FishId9000;
			};
			name = Release;
		};
/* End XCBuildConfiguration section */

/* Begin XCConfigurationList section */
		2E2F488C2CDD357F006D7DFE /* Build configuration list for PBXProject "FishId9000" */ = {
			isa = XCConfigurationList;
			buildConfigurations = (
				2E2F48B52CDD3580006D7DFE /* Debug */,
				2E2F48B62CDD3580006D7DFE /* Release */,
			);
			defaultConfigurationIsVisible = 0;
			defaultConfigurationName = Release;
		};
		2E2F48B72CDD3580006D7DFE /* Build configuration list for PBXNativeTarget "FishId9000" */ = {
			isa = XCConfigurationList;
			buildConfigurations = (
				2E2F48B82CDD3580006D7DFE /* Debug */,
				2E2F48B92CDD3580006D7DFE /* Release */,
			);
			defaultConfigurationIsVisible = 0;
			defaultConfigurationName = Release;
		};
		2E2F48BA2CDD3580006D7DFE /* Build configuration list for PBXNativeTarget "FishId9000Tests" */ = {
			isa = XCConfigurationList;
			buildConfigurations = (
				2E2F48BB2CDD3580006D7DFE /* Debug */,
				2E2F48BC2CDD3580006D7DFE /* Release */,
			);
			defaultConfigurationIsVisible = 0;
			defaultConfigurationName = Release;
		};
		2E2F48BD2CDD3580006D7DFE /* Build configuration list for PBXNativeTarget "FishId9000UITests" */ = {
			isa = XCConfigurationList;
			buildConfigurations = (
				2E2F48BE2CDD3580006D7DFE /* Debug */,
				2E2F48BF2CDD3580006D7DFE /* Release */,
			);
			defaultConfigurationIsVisible = 0;
			defaultConfigurationName = Release;
		};
/* End XCConfigurationList section */
	};
	rootObject = 2E2F48892CDD357F006D7DFE /* Project object */;
}
